
Microsoft Visual Studio Solution File, Format Version 12.00
# Visual Studio 15
Project("{FAE04EC0-301F-11D3-BF4B-00C04F79EFBC}") = "EntornoVirtual", "Assembly-CSharp.csproj", "{BCF5492A-B48D-6110-FDAC-96818BB4D185}"
EndProject
Project("{FAE04EC0-301F-11D3-BF4B-00C04F79EFBC}") = "EntornoVirtual", "Assembly-CSharp-Editor.csproj", "{666E84D4-A853-5FEB-3185-778493F8D5A7}"
EndProject
Global
	GlobalSection(SolutionConfigurationPlatforms) = preSolution
		Debug|Any CPU = Debug|Any CPU
		Release|Any CPU = Release|Any CPU
	EndGlobalSection
	GlobalSection(ProjectConfigurationPlatforms) = postSolution
		{BCF5492A-B48D-6110-FDAC-96818BB4D185}.Debug|Any CPU.ActiveCfg = Debug|Any CPU
		{BCF5492A-B48D-6110-FDAC-96818BB4D185}.Debug|Any CPU.Build.0 = Debug|Any CPU
		{BCF5492A-B48D-6110-FDAC-96818BB4D185}.Release|Any CPU.ActiveCfg = Release|Any CPU
		{BCF5492A-B48D-6110-FDAC-96818BB4D185}.Release|Any CPU.Build.0 = Release|Any CPU
		{666E84D4-A853-5FEB-3185-778493F8D5A7}.Debug|Any CPU.ActiveCfg = Debug|Any CPU
		{666E84D4-A853-5FEB-3185-778493F8D5A7}.Debug|Any CPU.Build.0 = Debug|Any CPU
		{666E84D4-A853-5FEB-3185-778493F8D5A7}.Release|Any CPU.ActiveCfg = Release|Any CPU
		{666E84D4-A853-5FEB-3185-778493F8D5A7}.Release|Any CPU.Build.0 = Release|Any CPU
	EndGlobalSection
	GlobalSection(SolutionProperties) = preSolution
		HideSolutionNode = FALSE
	EndGlobalSection
EndGlobal
