Microsoft Visual Studio Solution File, Format Version 11.00
# Visual Studio 2008

Project("{BE4D73BF-1925-EB8A-4780-A092CBEA98D8}") = "Tesis", "Assembly-CSharp-firstpass.csproj", "{4C69C8BB-30DC-1D46-7979-625B34FEC985}"
EndProject
Project("{BE4D73BF-1925-EB8A-4780-A092CBEA98D8}") = "Tesis", "Assembly-CSharp.csproj", "{1E246FA7-7ADA-6380-0122-E7550E5BE9EF}"
EndProject
Global
	GlobalSection(SolutionConfigurationPlatforms) = preSolution
		Debug|Any CPU = Debug|Any CPU
		Release|Any CPU = Release|Any CPU
	EndGlobalSection
	GlobalSection(ProjectConfigurationPlatforms) = postSolution
		{4C69C8BB-30DC-1D46-7979-625B34FEC985}.Debug|Any CPU.ActiveCfg = Debug|Any CPU
		{4C69C8BB-30DC-1D46-7979-625B34FEC985}.Debug|Any CPU.Build.0 = Debug|Any CPU
		{4C69C8BB-30DC-1D46-7979-625B34FEC985}.Release|Any CPU.ActiveCfg = Release|Any CPU
		{4C69C8BB-30DC-1D46-7979-625B34FEC985}.Release|Any CPU.Build.0 = Release|Any CPU
		{1E246FA7-7ADA-6380-0122-E7550E5BE9EF}.Debug|Any CPU.ActiveCfg = Debug|Any CPU
		{1E246FA7-7ADA-6380-0122-E7550E5BE9EF}.Debug|Any CPU.Build.0 = Debug|Any CPU
		{1E246FA7-7ADA-6380-0122-E7550E5BE9EF}.Release|Any CPU.ActiveCfg = Release|Any CPU
		{1E246FA7-7ADA-6380-0122-E7550E5BE9EF}.Release|Any CPU.Build.0 = Release|Any CPU
	EndGlobalSection
	GlobalSection(SolutionProperties) = preSolution
		HideSolutionNode = FALSE
	EndGlobalSection
	GlobalSection(MonoDevelopProperties) = preSolution
		StartupItem = Assembly-CSharp.csproj
	EndGlobalSection
EndGlobal
